Microsoft Visual Studio Solution File, Format Version 12.00
# Visual Studio Version 17
VisualStudioVersion = 17.5.2.0
MinimumVisualStudioVersion = 10.0.40219.1
Project("{FAE04EC0-301F-11D3-BF4B-00C04F79EFBC}") = "CLikeToWasm", "CLikeToWasm.csproj", "{581E9C3E-6173-3364-A5AB-820DE7C1D5A1}"
EndProject
Global
	GlobalSection(SolutionConfigurationPlatforms) = preSolution
		Debug|Any CPU = Debug|Any CPU
		Release|Any CPU = Release|Any CPU
	EndGlobalSection
	GlobalSection(ProjectConfigurationPlatforms) = postSolution
		{581E9C3E-6173-3364-A5AB-820DE7C1D5A1}.Debug|Any CPU.ActiveCfg = Debug|Any CPU
		{581E9C3E-6173-3364-A5AB-820DE7C1D5A1}.Debug|Any CPU.Build.0 = Debug|Any CPU
		{581E9C3E-6173-3364-A5AB-820DE7C1D5A1}.Release|Any CPU.ActiveCfg = Release|Any CPU
		{581E9C3E-6173-3364-A5AB-820DE7C1D5A1}.Release|Any CPU.Build.0 = Release|Any CPU
	EndGlobalSection
	GlobalSection(SolutionProperties) = preSolution
		HideSolutionNode = FALSE
	EndGlobalSection
	GlobalSection(ExtensibilityGlobals) = postSolution
		SolutionGuid = {962E966E-2EA8-4C9D-9032-54F0239CFB6F}
	EndGlobalSection
EndGlobal
